
Microsoft Visual Studio Solution File, Format Version 12.00
# Visual Studio Version 16
VisualStudioVersion = 16.0.32228.343
MinimumVisualStudioVersion = 10.0.40219.1
Project("{FAE04EC0-301F-11D3-BF4B-00C04F79EFBC}") = "Reflection", "Reflection\Reflection.csproj", "{4E9AA789-D76F-4B12-A5EA-FB336A12F3EC}"
EndProject
Project("{FAE04EC0-301F-11D3-BF4B-00C04F79EFBC}") = "TestReflection", "TestReflection\TestReflection.csproj", "{5B8E6CB1-37A9-49E0-84BC-EB62168564F2}"
EndProject
Project("{FAE04EC0-301F-11D3-BF4B-00C04F79EFBC}") = "ReflectionWithAttributes", "ReflectionWithAttributes\ReflectionWithAttributes.csproj", "{62E7B054-A627-4F2B-926E-CF82F6305C98}"
EndProject
Project("{FAE04EC0-301F-11D3-BF4B-00C04F79EFBC}") = "CustomSerialize", "CustomSerialize\CustomSerialize.csproj", "{353C766E-5362-4A3C-8568-F74E0FEBE096}"
EndProject
Global
	GlobalSection(SolutionConfigurationPlatforms) = preSolution
		Debug|Any CPU = Debug|Any CPU
		Release|Any CPU = Release|Any CPU
	EndGlobalSection
	GlobalSection(ProjectConfigurationPlatforms) = postSolution
		{4E9AA789-D76F-4B12-A5EA-FB336A12F3EC}.Debug|Any CPU.ActiveCfg = Debug|Any CPU
		{4E9AA789-D76F-4B12-A5EA-FB336A12F3EC}.Debug|Any CPU.Build.0 = Debug|Any CPU
		{4E9AA789-D76F-4B12-A5EA-FB336A12F3EC}.Release|Any CPU.ActiveCfg = Release|Any CPU
		{4E9AA789-D76F-4B12-A5EA-FB336A12F3EC}.Release|Any CPU.Build.0 = Release|Any CPU
		{5B8E6CB1-37A9-49E0-84BC-EB62168564F2}.Debug|Any CPU.ActiveCfg = Debug|Any CPU
		{5B8E6CB1-37A9-49E0-84BC-EB62168564F2}.Debug|Any CPU.Build.0 = Debug|Any CPU
		{5B8E6CB1-37A9-49E0-84BC-EB62168564F2}.Release|Any CPU.ActiveCfg = Release|Any CPU
		{5B8E6CB1-37A9-49E0-84BC-EB62168564F2}.Release|Any CPU.Build.0 = Release|Any CPU
		{62E7B054-A627-4F2B-926E-CF82F6305C98}.Debug|Any CPU.ActiveCfg = Debug|Any CPU
		{62E7B054-A627-4F2B-926E-CF82F6305C98}.Debug|Any CPU.Build.0 = Debug|Any CPU
		{62E7B054-A627-4F2B-926E-CF82F6305C98}.Release|Any CPU.ActiveCfg = Release|Any CPU
		{62E7B054-A627-4F2B-926E-CF82F6305C98}.Release|Any CPU.Build.0 = Release|Any CPU
		{353C766E-5362-4A3C-8568-F74E0FEBE096}.Debug|Any CPU.ActiveCfg = Debug|Any CPU
		{353C766E-5362-4A3C-8568-F74E0FEBE096}.Debug|Any CPU.Build.0 = Debug|Any CPU
		{353C766E-5362-4A3C-8568-F74E0FEBE096}.Release|Any CPU.ActiveCfg = Release|Any CPU
		{353C766E-5362-4A3C-8568-F74E0FEBE096}.Release|Any CPU.Build.0 = Release|Any CPU
	EndGlobalSection
	GlobalSection(SolutionProperties) = preSolution
		HideSolutionNode = FALSE
	EndGlobalSection
	GlobalSection(ExtensibilityGlobals) = postSolution
		SolutionGuid = {805F1160-5C3B-49BD-A701-496A96B2E1BB}
	EndGlobalSection
EndGlobal
